// !$*UTF8*$!
{
	archiveVersion = 1;
	classes = {
	};
	objectVersion = 46;
	objects = {

/* Begin PBXBuildFile section */
		1F153BB717B59C120087433E /* Icon.png in Resources */ = {isa = PBXBuildFile; fileRef = 1F153BB517B59C120087433E /* Icon.png */; };
		1F153BB817B59C120087433E /* Icon@2x.png in Resources */ = {isa = PBXBuildFile; fileRef = 1F153BB617B59C120087433E /* Icon@2x.png */; };
		1F153BBA17B59C270087433E /* Icon@2x.png in Resources */ = {isa = PBXBuildFile; fileRef = 1F153BB917B59C270087433E /* Icon@2x.png */; };
		1F153BBC17B59C2D0087433E /* Icon.png in Resources */ = {isa = PBXBuildFile; fileRef = 1F153BBB17B59C2D0087433E /* Icon.png */; };
		1F153BC117B5A0A90087433E /* Reachability.m in Sources */ = {isa = PBXBuildFile; fileRef = 1F153BC017B5A0A90087433E /* Reachability.m */; };
		1F153BC317B5A24D0087433E /* SystemConfiguration.framework in Frameworks */ = {isa = PBXBuildFile; fileRef = 1F153BC217B5A24D0087433E /* SystemConfiguration.framework */; };
		1F153BC617B5B3300087433E /* adntest1.json in Resources */ = {isa = PBXBuildFile; fileRef = 1F153BC517B5B3300087433E /* adntest1.json */; };
		1F153BCB17B5CBD60087433E /* adntest2.json in Resources */ = {isa = PBXBuildFile; fileRef = 1F153BCA17B5CBD60087433E /* adntest2.json */; };
		1F153BD117B5D66B0087433E /* TestHelper.m in Sources */ = {isa = PBXBuildFile; fileRef = 1F153BD017B5D66B0087433E /* TestHelper.m */; };
		1F56C7F317B4828A0069F1A1 /* UIKit.framework in Frameworks */ = {isa = PBXBuildFile; fileRef = 1F56C7F217B4828A0069F1A1 /* UIKit.framework */; };
		1F56C7F517B4828A0069F1A1 /* Foundation.framework in Frameworks */ = {isa = PBXBuildFile; fileRef = 1F56C7F417B4828A0069F1A1 /* Foundation.framework */; };
		1F56C7F717B4828A0069F1A1 /* CoreGraphics.framework in Frameworks */ = {isa = PBXBuildFile; fileRef = 1F56C7F617B4828A0069F1A1 /* CoreGraphics.framework */; };
		1F56C7FD17B4828A0069F1A1 /* InfoPlist.strings in Resources */ = {isa = PBXBuildFile; fileRef = 1F56C7FB17B4828A0069F1A1 /* InfoPlist.strings */; };
		1F56C7FF17B4828A0069F1A1 /* main.m in Sources */ = {isa = PBXBuildFile; fileRef = 1F56C7FE17B4828A0069F1A1 /* main.m */; };
		1F56C80317B4828A0069F1A1 /* ADNAppDelegate.m in Sources */ = {isa = PBXBuildFile; fileRef = 1F56C80217B4828A0069F1A1 /* ADNAppDelegate.m */; };
		1F56C80517B4828A0069F1A1 /* Default.png in Resources */ = {isa = PBXBuildFile; fileRef = 1F56C80417B4828A0069F1A1 /* Default.png */; };
		1F56C80717B4828A0069F1A1 /* Default@2x.png in Resources */ = {isa = PBXBuildFile; fileRef = 1F56C80617B4828A0069F1A1 /* Default@2x.png */; };
		1F56C80917B4828A0069F1A1 /* Default-568h@2x.png in Resources */ = {isa = PBXBuildFile; fileRef = 1F56C80817B4828A0069F1A1 /* Default-568h@2x.png */; };
		1F56C81717B4828A0069F1A1 /* SenTestingKit.framework in Frameworks */ = {isa = PBXBuildFile; fileRef = 1F56C81617B4828A0069F1A1 /* SenTestingKit.framework */; };
		1F56C81817B4828A0069F1A1 /* UIKit.framework in Frameworks */ = {isa = PBXBuildFile; fileRef = 1F56C7F217B4828A0069F1A1 /* UIKit.framework */; };
		1F56C81917B4828A0069F1A1 /* Foundation.framework in Frameworks */ = {isa = PBXBuildFile; fileRef = 1F56C7F417B4828A0069F1A1 /* Foundation.framework */; };
		1F56C82117B4828A0069F1A1 /* InfoPlist.strings in Resources */ = {isa = PBXBuildFile; fileRef = 1F56C81F17B4828A0069F1A1 /* InfoPlist.strings */; };
		1F56C82417B4828A0069F1A1 /* ADNChallengeTests.m in Sources */ = {isa = PBXBuildFile; fileRef = 1F56C82317B4828A0069F1A1 /* ADNChallengeTests.m */; };
		1F56C83817B483920069F1A1 /* ADNPost.m in Sources */ = {isa = PBXBuildFile; fileRef = 1F56C83517B483920069F1A1 /* ADNPost.m */; };
		1F56C83917B483920069F1A1 /* ADNStream.m in Sources */ = {isa = PBXBuildFile; fileRef = 1F56C83717B483920069F1A1 /* ADNStream.m */; };
		1F56C83C17B484DC0069F1A1 /* Challenge.md in Resources */ = {isa = PBXBuildFile; fileRef = 1F56C83A17B484DC0069F1A1 /* Challenge.md */; };
		1F56C83D17B484DC0069F1A1 /* README.md in Resources */ = {isa = PBXBuildFile; fileRef = 1F56C83B17B484DC0069F1A1 /* README.md */; };
		1F56C84117B4871B0069F1A1 /* RootViewController.m in Sources */ = {isa = PBXBuildFile; fileRef = 1F56C84017B4871B0069F1A1 /* RootViewController.m */; };
		1FC9FC2B17B49C72003DB54B /* ADNPostCell.m in Sources */ = {isa = PBXBuildFile; fileRef = 1FC9FC2A17B49C72003DB54B /* ADNPostCell.m */; };
		1FC9FC3017B49DF8003DB54B /* RootViewController.xib in Resources */ = {isa = PBXBuildFile; fileRef = 1FC9FC2E17B49DF8003DB54B /* RootViewController.xib */; };
		1FC9FC3317B49E21003DB54B /* ADNPostCell.xib in Resources */ = {isa = PBXBuildFile; fileRef = 1FC9FC3117B49E21003DB54B /* ADNPostCell.xib */; };
		1FC9FC3A17B4B30C003DB54B /* MainWindow.xib in Resources */ = {isa = PBXBuildFile; fileRef = 1FC9FC3817B4B30C003DB54B /* MainWindow.xib */; };
		1FC9FC3D17B56530003DB54B /* ADNPlaceholderImage.png in Resources */ = {isa = PBXBuildFile; fileRef = 1FC9FC3C17B56530003DB54B /* ADNPlaceholderImage.png */; };
		1FC9FC3F17B56A18003DB54B /* QuartzCore.framework in Frameworks */ = {isa = PBXBuildFile; fileRef = 1FC9FC3E17B56A18003DB54B /* QuartzCore.framework */; };
/* End PBXBuildFile section */

/* Begin PBXContainerItemProxy section */
		1F56C81A17B4828A0069F1A1 /* PBXContainerItemProxy */ = {
			isa = PBXContainerItemProxy;
			containerPortal = 1F56C7E717B4828A0069F1A1 /* Project object */;
			proxyType = 1;
			remoteGlobalIDString = 1F56C7EE17B4828A0069F1A1;
			remoteInfo = ADNChallenge;
		};
/* End PBXContainerItemProxy section */

/* Begin PBXFileReference section */
		1F153BB517B59C120087433E /* Icon.png */ = {isa = PBXFileReference; lastKnownFileType = image.png; name = Icon.png; path = Images/Icon.png; sourceTree = "<group>"; };
		1F153BB617B59C120087433E /* Icon@2x.png */ = {isa = PBXFileReference; lastKnownFileType = image.png; name = "Icon@2x.png"; path = "Images/Icon@2x.png"; sourceTree = "<group>"; };
		1F153BB917B59C270087433E /* Icon@2x.png */ = {isa = PBXFileReference; lastKnownFileType = image.png; path = "Icon@2x.png"; sourceTree = "<group>"; };
		1F153BBB17B59C2D0087433E /* Icon.png */ = {isa = PBXFileReference; lastKnownFileType = image.png; path = Icon.png; sourceTree = "<group>"; };
		1F153BBF17B5A0A90087433E /* Reachability.h */ = {isa = PBXFileReference; fileEncoding = 4; lastKnownFileType = sourcecode.c.h; name = Reachability.h; path = Libraries/Reachability/Reachability.h; sourceTree = "<group>"; };
		1F153BC017B5A0A90087433E /* Reachability.m */ = {isa = PBXFileReference; fileEncoding = 4; lastKnownFileType = sourcecode.c.objc; name = Reachability.m; path = Libraries/Reachability/Reachability.m; sourceTree = "<group>"; };
		1F153BC217B5A24D0087433E /* SystemConfiguration.framework */ = {isa = PBXFileReference; lastKnownFileType = wrapper.framework; name = SystemConfiguration.framework; path = System/Library/Frameworks/SystemConfiguration.framework; sourceTree = SDKROOT; };
		1F153BC517B5B3300087433E /* adntest1.json */ = {isa = PBXFileReference; fileEncoding = 4; lastKnownFileType = text.json; path = adntest1.json; sourceTree = "<group>"; };
		1F153BCA17B5CBD60087433E /* adntest2.json */ = {isa = PBXFileReference; fileEncoding = 4; lastKnownFileType = text.json; path = adntest2.json; sourceTree = "<group>"; };
		1F153BCF17B5D66B0087433E /* TestHelper.h */ = {isa = PBXFileReference; fileEncoding = 4; lastKnownFileType = sourcecode.c.h; path = TestHelper.h; sourceTree = "<group>"; };
		1F153BD017B5D66B0087433E /* TestHelper.m */ = {isa = PBXFileReference; fileEncoding = 4; lastKnownFileType = sourcecode.c.objc; path = TestHelper.m; sourceTree = "<group>"; };
		1F56C7EF17B4828A0069F1A1 /* ADNChallenge.app */ = {isa = PBXFileReference; explicitFileType = wrapper.application; includeInIndex = 0; path = ADNChallenge.app; sourceTree = BUILT_PRODUCTS_DIR; };
		1F56C7F217B4828A0069F1A1 /* UIKit.framework */ = {isa = PBXFileReference; lastKnownFileType = wrapper.framework; name = UIKit.framework; path = System/Library/Frameworks/UIKit.framework; sourceTree = SDKROOT; };
		1F56C7F417B4828A0069F1A1 /* Foundation.framework */ = {isa = PBXFileReference; lastKnownFileType = wrapper.framework; name = Foundation.framework; path = System/Library/Frameworks/Foundation.framework; sourceTree = SDKROOT; };
		1F56C7F617B4828A0069F1A1 /* CoreGraphics.framework */ = {isa = PBXFileReference; lastKnownFileType = wrapper.framework; name = CoreGraphics.framework; path = System/Library/Frameworks/CoreGraphics.framework; sourceTree = SDKROOT; };
		1F56C7FA17B4828A0069F1A1 /* ADNChallenge-Info.plist */ = {isa = PBXFileReference; lastKnownFileType = text.plist.xml; path = "ADNChallenge-Info.plist"; sourceTree = "<group>"; };
		1F56C7FC17B4828A0069F1A1 /* en */ = {isa = PBXFileReference; lastKnownFileType = text.plist.strings; name = en; path = en.lproj/InfoPlist.strings; sourceTree = "<group>"; };
		1F56C7FE17B4828A0069F1A1 /* main.m */ = {isa = PBXFileReference; lastKnownFileType = sourcecode.c.objc; path = main.m; sourceTree = "<group>"; };
		1F56C80017B4828A0069F1A1 /* ADNChallenge-Prefix.pch */ = {isa = PBXFileReference; lastKnownFileType = sourcecode.c.h; path = "ADNChallenge-Prefix.pch"; sourceTree = "<group>"; };
		1F56C80117B4828A0069F1A1 /* ADNAppDelegate.h */ = {isa = PBXFileReference; lastKnownFileType = sourcecode.c.h; path = ADNAppDelegate.h; sourceTree = "<group>"; };
		1F56C80217B4828A0069F1A1 /* ADNAppDelegate.m */ = {isa = PBXFileReference; lastKnownFileType = sourcecode.c.objc; path = ADNAppDelegate.m; sourceTree = "<group>"; };
		1F56C80417B4828A0069F1A1 /* Default.png */ = {isa = PBXFileReference; lastKnownFileType = image.png; path = Default.png; sourceTree = "<group>"; };
		1F56C80617B4828A0069F1A1 /* Default@2x.png */ = {isa = PBXFileReference; lastKnownFileType = image.png; path = "Default@2x.png"; sourceTree = "<group>"; };
		1F56C80817B4828A0069F1A1 /* Default-568h@2x.png */ = {isa = PBXFileReference; lastKnownFileType = image.png; path = "Default-568h@2x.png"; sourceTree = "<group>"; };
		1F56C81517B4828A0069F1A1 /* ADNChallengeTests.octest */ = {isa = PBXFileReference; explicitFileType = wrapper.cfbundle; includeInIndex = 0; path = ADNChallengeTests.octest; sourceTree = BUILT_PRODUCTS_DIR; };
		1F56C81617B4828A0069F1A1 /* SenTestingKit.framework */ = {isa = PBXFileReference; lastKnownFileType = wrapper.framework; name = SenTestingKit.framework; path = Library/Frameworks/SenTestingKit.framework; sourceTree = DEVELOPER_DIR; };
		1F56C81E17B4828A0069F1A1 /* ADNChallengeTests-Info.plist */ = {isa = PBXFileReference; lastKnownFileType = text.plist.xml; path = "ADNChallengeTests-Info.plist"; sourceTree = "<group>"; };
		1F56C82017B4828A0069F1A1 /* en */ = {isa = PBXFileReference; lastKnownFileType = text.plist.strings; name = en; path = en.lproj/InfoPlist.strings; sourceTree = "<group>"; };
		1F56C82217B4828A0069F1A1 /* ADNChallengeTests.h */ = {isa = PBXFileReference; lastKnownFileType = sourcecode.c.h; path = ADNChallengeTests.h; sourceTree = "<group>"; };
		1F56C82317B4828A0069F1A1 /* ADNChallengeTests.m */ = {isa = PBXFileReference; lastKnownFileType = sourcecode.c.objc; path = ADNChallengeTests.m; sourceTree = "<group>"; };
		1F56C83417B483920069F1A1 /* ADNPost.h */ = {isa = PBXFileReference; fileEncoding = 4; lastKnownFileType = sourcecode.c.h; name = ADNPost.h; path = Models/ADNPost.h; sourceTree = "<group>"; };
		1F56C83517B483920069F1A1 /* ADNPost.m */ = {isa = PBXFileReference; fileEncoding = 4; lastKnownFileType = sourcecode.c.objc; name = ADNPost.m; path = Models/ADNPost.m; sourceTree = "<group>"; };
		1F56C83617B483920069F1A1 /* ADNStream.h */ = {isa = PBXFileReference; fileEncoding = 4; lastKnownFileType = sourcecode.c.h; name = ADNStream.h; path = Models/ADNStream.h; sourceTree = "<group>"; };
		1F56C83717B483920069F1A1 /* ADNStream.m */ = {isa = PBXFileReference; fileEncoding = 4; lastKnownFileType = sourcecode.c.objc; name = ADNStream.m; path = Models/ADNStream.m; sourceTree = "<group>"; };
		1F56C83A17B484DC0069F1A1 /* Challenge.md */ = {isa = PBXFileReference; fileEncoding = 4; lastKnownFileType = text; path = Challenge.md; sourceTree = SOURCE_ROOT; };
		1F56C83B17B484DC0069F1A1 /* README.md */ = {isa = PBXFileReference; fileEncoding = 4; lastKnownFileType = text; path = README.md; sourceTree = SOURCE_ROOT; };
		1F56C83F17B4871B0069F1A1 /* RootViewController.h */ = {isa = PBXFileReference; fileEncoding = 4; lastKnownFileType = sourcecode.c.h; name = RootViewController.h; path = "View Controllers/RootViewController.h"; sourceTree = "<group>"; };
		1F56C84017B4871B0069F1A1 /* RootViewController.m */ = {isa = PBXFileReference; fileEncoding = 4; lastKnownFileType = sourcecode.c.objc; name = RootViewController.m; path = "View Controllers/RootViewController.m"; sourceTree = "<group>"; };
		1FC9FC2917B49C72003DB54B /* ADNPostCell.h */ = {isa = PBXFileReference; fileEncoding = 4; lastKnownFileType = sourcecode.c.h; name = ADNPostCell.h; path = Cells/ADNPostCell.h; sourceTree = "<group>"; };
		1FC9FC2A17B49C72003DB54B /* ADNPostCell.m */ = {isa = PBXFileReference; fileEncoding = 4; lastKnownFileType = sourcecode.c.objc; name = ADNPostCell.m; path = Cells/ADNPostCell.m; sourceTree = "<group>"; };
		1FC9FC2F17B49DF8003DB54B /* en */ = {isa = PBXFileReference; lastKnownFileType = file.xib; name = en; path = en.lproj/RootViewController.xib; sourceTree = "<group>"; };
		1FC9FC3217B49E21003DB54B /* en */ = {isa = PBXFileReference; lastKnownFileType = file.xib; name = en; path = en.lproj/ADNPostCell.xib; sourceTree = "<group>"; };
		1FC9FC3917B4B30C003DB54B /* en */ = {isa = PBXFileReference; lastKnownFileType = file.xib; name = en; path = en.lproj/MainWindow.xib; sourceTree = "<group>"; };
		1FC9FC3C17B56530003DB54B /* ADNPlaceholderImage.png */ = {isa = PBXFileReference; lastKnownFileType = image.png; name = ADNPlaceholderImage.png; path = Images/ADNPlaceholderImage.png; sourceTree = "<group>"; };
		1FC9FC3E17B56A18003DB54B /* QuartzCore.framework */ = {isa = PBXFileReference; lastKnownFileType = wrapper.framework; name = QuartzCore.framework; path = System/Library/Frameworks/QuartzCore.framework; sourceTree = SDKROOT; };
/* End PBXFileReference section */

/* Begin PBXFrameworksBuildPhase section */
		1F56C7EC17B4828A0069F1A1 /* Frameworks */ = {
			isa = PBXFrameworksBuildPhase;
			buildActionMask = 2147483647;
			files = (
				1F153BC317B5A24D0087433E /* SystemConfiguration.framework in Frameworks */,
				1FC9FC3F17B56A18003DB54B /* QuartzCore.framework in Frameworks */,
				1F56C7F317B4828A0069F1A1 /* UIKit.framework in Frameworks */,
				1F56C7F517B4828A0069F1A1 /* Foundation.framework in Frameworks */,
				1F56C7F717B4828A0069F1A1 /* CoreGraphics.framework in Frameworks */,
			);
			runOnlyForDeploymentPostprocessing = 0;
		};
		1F56C81117B4828A0069F1A1 /* Frameworks */ = {
			isa = PBXFrameworksBuildPhase;
			buildActionMask = 2147483647;
			files = (
				1F56C81717B4828A0069F1A1 /* SenTestingKit.framework in Frameworks */,
				1F56C81817B4828A0069F1A1 /* UIKit.framework in Frameworks */,
				1F56C81917B4828A0069F1A1 /* Foundation.framework in Frameworks */,
			);
			runOnlyForDeploymentPostprocessing = 0;
		};
/* End PBXFrameworksBuildPhase section */

/* Begin PBXGroup section */
		1F153BBD17B5A0900087433E /* Libraries */ = {
			isa = PBXGroup;
			children = (
				1F153BBE17B5A0970087433E /* Reachability */,
			);
			name = Libraries;
			sourceTree = "<group>";
		};
		1F153BBE17B5A0970087433E /* Reachability */ = {
			isa = PBXGroup;
			children = (
				1F153BBF17B5A0A90087433E /* Reachability.h */,
				1F153BC017B5A0A90087433E /* Reachability.m */,
			);
			name = Reachability;
			sourceTree = "<group>";
		};
		1F56C7E617B4828A0069F1A1 = {
			isa = PBXGroup;
			children = (
				1F153BC217B5A24D0087433E /* SystemConfiguration.framework */,
				1F153BBB17B59C2D0087433E /* Icon.png */,
				1F153BB917B59C270087433E /* Icon@2x.png */,
				1FC9FC3E17B56A18003DB54B /* QuartzCore.framework */,
				1F56C7F817B4828A0069F1A1 /* ADNChallenge */,
				1F56C81C17B4828A0069F1A1 /* ADNChallengeTests */,
				1F56C7F117B4828A0069F1A1 /* Frameworks */,
				1F56C7F017B4828A0069F1A1 /* Products */,
				1F56C83A17B484DC0069F1A1 /* Challenge.md */,
				1F56C83B17B484DC0069F1A1 /* README.md */,
			);
			sourceTree = "<group>";
		};
		1F56C7F017B4828A0069F1A1 /* Products */ = {
			isa = PBXGroup;
			children = (
				1F56C7EF17B4828A0069F1A1 /* ADNChallenge.app */,
				1F56C81517B4828A0069F1A1 /* ADNChallengeTests.octest */,
			);
			name = Products;
			sourceTree = "<group>";
		};
		1F56C7F117B4828A0069F1A1 /* Frameworks */ = {
			isa = PBXGroup;
			children = (
				1F56C7F217B4828A0069F1A1 /* UIKit.framework */,
				1F56C7F417B4828A0069F1A1 /* Foundation.framework */,
				1F56C7F617B4828A0069F1A1 /* CoreGraphics.framework */,
				1F56C81617B4828A0069F1A1 /* SenTestingKit.framework */,
			);
			name = Frameworks;
			sourceTree = "<group>";
		};
		1F56C7F817B4828A0069F1A1 /* ADNChallenge */ = {
			isa = PBXGroup;
			children = (
				1F153BBD17B5A0900087433E /* Libraries */,
				1FC9FC2817B49C28003DB54B /* Cells */,
				1F56C82D17B483070069F1A1 /* Models */,
				1F56C83E17B486D10069F1A1 /* View Controllers */,
				1F56C80117B4828A0069F1A1 /* ADNAppDelegate.h */,
				1F56C80217B4828A0069F1A1 /* ADNAppDelegate.m */,
				1F56C7F917B4828A0069F1A1 /* Supporting Files */,
			);
			path = ADNChallenge;
			sourceTree = "<group>";
		};
		1F56C7F917B4828A0069F1A1 /* Supporting Files */ = {
			isa = PBXGroup;
			children = (
				1FC9FC3B17B5651D003DB54B /* Images */,
				1FC9FC2D17B49DE2003DB54B /* XIBs */,
				1F56C7FA17B4828A0069F1A1 /* ADNChallenge-Info.plist */,
				1F56C7FB17B4828A0069F1A1 /* InfoPlist.strings */,
				1F56C7FE17B4828A0069F1A1 /* main.m */,
				1F56C80017B4828A0069F1A1 /* ADNChallenge-Prefix.pch */,
				1F56C80417B4828A0069F1A1 /* Default.png */,
				1F56C80617B4828A0069F1A1 /* Default@2x.png */,
				1F56C80817B4828A0069F1A1 /* Default-568h@2x.png */,
			);
			name = "Supporting Files";
			sourceTree = "<group>";
		};
		1F56C81C17B4828A0069F1A1 /* ADNChallengeTests */ = {
			isa = PBXGroup;
			children = (
				1F153BCF17B5D66B0087433E /* TestHelper.h */,
				1F153BD017B5D66B0087433E /* TestHelper.m */,
				1F56C82217B4828A0069F1A1 /* ADNChallengeTests.h */,
				1F56C82317B4828A0069F1A1 /* ADNChallengeTests.m */,
				1F56C81D17B4828A0069F1A1 /* Supporting Files */,
			);
			path = ADNChallengeTests;
			sourceTree = "<group>";
		};
		1F56C81D17B4828A0069F1A1 /* Supporting Files */ = {
			isa = PBXGroup;
			children = (
				1F153BCA17B5CBD60087433E /* adntest2.json */,
				1F153BC517B5B3300087433E /* adntest1.json */,
				1F56C81E17B4828A0069F1A1 /* ADNChallengeTests-Info.plist */,
				1F56C81F17B4828A0069F1A1 /* InfoPlist.strings */,
			);
			name = "Supporting Files";
			sourceTree = "<group>";
		};
		1F56C82D17B483070069F1A1 /* Models */ = {
			isa = PBXGroup;
			children = (
				1F56C83417B483920069F1A1 /* ADNPost.h */,
				1F56C83517B483920069F1A1 /* ADNPost.m */,
				1F56C83617B483920069F1A1 /* ADNStream.h */,
				1F56C83717B483920069F1A1 /* ADNStream.m */,
			);
			name = Models;
			sourceTree = "<group>";
		};
		1F56C83E17B486D10069F1A1 /* View Controllers */ = {
			isa = PBXGroup;
			children = (
				1F56C83F17B4871B0069F1A1 /* RootViewController.h */,
				1F56C84017B4871B0069F1A1 /* RootViewController.m */,
			);
			name = "View Controllers";
			sourceTree = "<group>";
		};
		1FC9FC2817B49C28003DB54B /* Cells */ = {
			isa = PBXGroup;
			children = (
				1FC9FC2917B49C72003DB54B /* ADNPostCell.h */,
				1FC9FC2A17B49C72003DB54B /* ADNPostCell.m */,
			);
			name = Cells;
			sourceTree = "<group>";
		};
		1FC9FC2D17B49DE2003DB54B /* XIBs */ = {
			isa = PBXGroup;
			children = (
				1FC9FC3817B4B30C003DB54B /* MainWindow.xib */,
				1FC9FC2E17B49DF8003DB54B /* RootViewController.xib */,
				1FC9FC3117B49E21003DB54B /* ADNPostCell.xib */,
			);
			name = XIBs;
			sourceTree = "<group>";
		};
		1FC9FC3B17B5651D003DB54B /* Images */ = {
			isa = PBXGroup;
			children = (
				1F153BB517B59C120087433E /* Icon.png */,
				1F153BB617B59C120087433E /* Icon@2x.png */,
				1FC9FC3C17B56530003DB54B /* ADNPlaceholderImage.png */,
			);
			name = Images;
			sourceTree = "<group>";
		};
/* End PBXGroup section */

/* Begin PBXNativeTarget section */
		1F56C7EE17B4828A0069F1A1 /* ADNChallenge */ = {
			isa = PBXNativeTarget;
			buildConfigurationList = 1F56C82717B4828A0069F1A1 /* Build configuration list for PBXNativeTarget "ADNChallenge" */;
			buildPhases = (
				1F56C7EB17B4828A0069F1A1 /* Sources */,
				1F56C7EC17B4828A0069F1A1 /* Frameworks */,
				1F56C7ED17B4828A0069F1A1 /* Resources */,
			);
			buildRules = (
			);
			dependencies = (
			);
			name = ADNChallenge;
			productName = ADNChallenge;
			productReference = 1F56C7EF17B4828A0069F1A1 /* ADNChallenge.app */;
			productType = "com.apple.product-type.application";
		};
		1F56C81417B4828A0069F1A1 /* ADNChallengeTests */ = {
			isa = PBXNativeTarget;
			buildConfigurationList = 1F56C82A17B4828A0069F1A1 /* Build configuration list for PBXNativeTarget "ADNChallengeTests" */;
			buildPhases = (
				1F56C81017B4828A0069F1A1 /* Sources */,
				1F56C81117B4828A0069F1A1 /* Frameworks */,
				1F56C81217B4828A0069F1A1 /* Resources */,
				1F56C81317B4828A0069F1A1 /* ShellScript */,
			);
			buildRules = (
			);
			dependencies = (
				1F56C81B17B4828A0069F1A1 /* PBXTargetDependency */,
			);
			name = ADNChallengeTests;
			productName = ADNChallengeTests;
			productReference = 1F56C81517B4828A0069F1A1 /* ADNChallengeTests.octest */;
			productType = "com.apple.product-type.bundle";
		};
/* End PBXNativeTarget section */

/* Begin PBXProject section */
		1F56C7E717B4828A0069F1A1 /* Project object */ = {
			isa = PBXProject;
			attributes = {
				CLASSPREFIX = ADN;
				LastUpgradeCheck = 0460;
				ORGANIZATIONNAME = "Joefrey Kibuule";
			};
			buildConfigurationList = 1F56C7EA17B4828A0069F1A1 /* Build configuration list for PBXProject "ADNChallenge" */;
			compatibilityVersion = "Xcode 3.2";
			developmentRegion = English;
			hasScannedForEncodings = 0;
			knownRegions = (
				en,
			);
			mainGroup = 1F56C7E617B4828A0069F1A1;
			productRefGroup = 1F56C7F017B4828A0069F1A1 /* Products */;
			projectDirPath = "";
			projectRoot = "";
			targets = (
				1F56C7EE17B4828A0069F1A1 /* ADNChallenge */,
				1F56C81417B4828A0069F1A1 /* ADNChallengeTests */,
			);
		};
/* End PBXProject section */

/* Begin PBXResourcesBuildPhase section */
		1F56C7ED17B4828A0069F1A1 /* Resources */ = {
			isa = PBXResourcesBuildPhase;
			buildActionMask = 2147483647;
			files = (
				1F56C7FD17B4828A0069F1A1 /* InfoPlist.strings in Resources */,
				1F56C80517B4828A0069F1A1 /* Default.png in Resources */,
				1F56C80717B4828A0069F1A1 /* Default@2x.png in Resources */,
				1F56C80917B4828A0069F1A1 /* Default-568h@2x.png in Resources */,
				1F56C83C17B484DC0069F1A1 /* Challenge.md in Resources */,
				1F56C83D17B484DC0069F1A1 /* README.md in Resources */,
				1FC9FC3017B49DF8003DB54B /* RootViewController.xib in Resources */,
				1FC9FC3317B49E21003DB54B /* ADNPostCell.xib in Resources */,
				1FC9FC3A17B4B30C003DB54B /* MainWindow.xib in Resources */,
				1FC9FC3D17B56530003DB54B /* ADNPlaceholderImage.png in Resources */,
				1F153BB717B59C120087433E /* Icon.png in Resources */,
				1F153BB817B59C120087433E /* Icon@2x.png in Resources */,
				1F153BBA17B59C270087433E /* Icon@2x.png in Resources */,
				1F153BBC17B59C2D0087433E /* Icon.png in Resources */,
			);
			runOnlyForDeploymentPostprocessing = 0;
		};
		1F56C81217B4828A0069F1A1 /* Resources */ = {
			isa = PBXResourcesBuildPhase;
			buildActionMask = 2147483647;
			files = (
				1F56C82117B4828A0069F1A1 /* InfoPlist.strings in Resources */,
				1F153BC617B5B3300087433E /* adntest1.json in Resources */,
				1F153BCB17B5CBD60087433E /* adntest2.json in Resources */,
			);
			runOnlyForDeploymentPostprocessing = 0;
		};
/* End PBXResourcesBuildPhase section */

/* Begin PBXShellScriptBuildPhase section */
		1F56C81317B4828A0069F1A1 /* ShellScript */ = {
			isa = PBXShellScriptBuildPhase;
			buildActionMask = 2147483647;
			files = (
			);
			inputPaths = (
			);
			outputPaths = (
			);
			runOnlyForDeploymentPostprocessing = 0;
			shellPath = /bin/sh;
			shellScript = "# Run the unit tests in this test bundle.\n\"${SYSTEM_DEVELOPER_DIR}/Tools/RunUnitTests\"\n";
		};
/* End PBXShellScriptBuildPhase section */

/* Begin PBXSourcesBuildPhase section */
		1F56C7EB17B4828A0069F1A1 /* Sources */ = {
			isa = PBXSourcesBuildPhase;
			buildActionMask = 2147483647;
			files = (
				1F56C7FF17B4828A0069F1A1 /* main.m in Sources */,
				1F56C80317B4828A0069F1A1 /* ADNAppDelegate.m in Sources */,
				1F56C83817B483920069F1A1 /* ADNPost.m in Sources */,
				1F56C83917B483920069F1A1 /* ADNStream.m in Sources */,
				1F56C84117B4871B0069F1A1 /* RootViewController.m in Sources */,
				1FC9FC2B17B49C72003DB54B /* ADNPostCell.m in Sources */,
				1F153BC117B5A0A90087433E /* Reachability.m in Sources */,
			);
			runOnlyForDeploymentPostprocessing = 0;
		};
		1F56C81017B4828A0069F1A1 /* Sources */ = {
			isa = PBXSourcesBuildPhase;
			buildActionMask = 2147483647;
			files = (
				1F56C82417B4828A0069F1A1 /* ADNChallengeTests.m in Sources */,
				1F153BD117B5D66B0087433E /* TestHelper.m in Sources */,
			);
			runOnlyForDeploymentPostprocessing = 0;
		};
/* End PBXSourcesBuildPhase section */

/* Begin PBXTargetDependency section */
		1F56C81B17B4828A0069F1A1 /* PBXTargetDependency */ = {
			isa = PBXTargetDependency;
			target = 1F56C7EE17B4828A0069F1A1 /* ADNChallenge */;
			targetProxy = 1F56C81A17B4828A0069F1A1 /* PBXContainerItemProxy */;
		};
/* End PBXTargetDependency section */

/* Begin PBXVariantGroup section */
		1F56C7FB17B4828A0069F1A1 /* InfoPlist.strings */ = {
			isa = PBXVariantGroup;
			children = (
				1F56C7FC17B4828A0069F1A1 /* en */,
			);
			name = InfoPlist.strings;
			sourceTree = "<group>";
		};
		1F56C81F17B4828A0069F1A1 /* InfoPlist.strings */ = {
			isa = PBXVariantGroup;
			children = (
				1F56C82017B4828A0069F1A1 /* en */,
			);
			name = InfoPlist.strings;
			sourceTree = "<group>";
		};
		1FC9FC2E17B49DF8003DB54B /* RootViewController.xib */ = {
			isa = PBXVariantGroup;
			children = (
				1FC9FC2F17B49DF8003DB54B /* en */,
			);
			name = RootViewController.xib;
			sourceTree = "<group>";
		};
		1FC9FC3117B49E21003DB54B /* ADNPostCell.xib */ = {
			isa = PBXVariantGroup;
			children = (
				1FC9FC3217B49E21003DB54B /* en */,
			);
			name = ADNPostCell.xib;
			sourceTree = "<group>";
		};
		1FC9FC3817B4B30C003DB54B /* MainWindow.xib */ = {
			isa = PBXVariantGroup;
			children = (
				1FC9FC3917B4B30C003DB54B /* en */,
			);
			name = MainWindow.xib;
			sourceTree = "<group>";
		};
/* End PBXVariantGroup section */

/* Begin XCBuildConfiguration section */
		1F56C82517B4828A0069F1A1 /* Debug */ = {
			isa = XCBuildConfiguration;
			buildSettings = {
				ALWAYS_SEARCH_USER_PATHS = NO;
				CLANG_CXX_LANGUAGE_STANDARD = "gnu++0x";
				CLANG_CXX_LIBRARY = "libc++";
				CLANG_ENABLE_OBJC_ARC = YES;
				CLANG_WARN_CONSTANT_CONVERSION = YES;
				CLANG_WARN_EMPTY_BODY = YES;
				CLANG_WARN_ENUM_CONVERSION = YES;
				CLANG_WARN_INT_CONVERSION = YES;
				CLANG_WARN__DUPLICATE_METHOD_MATCH = YES;
				"CODE_SIGN_IDENTITY[sdk=iphoneos*]" = "iPhone Developer";
				COPY_PHASE_STRIP = NO;
				GCC_C_LANGUAGE_STANDARD = gnu99;
				GCC_DYNAMIC_NO_PIC = NO;
				GCC_OPTIMIZATION_LEVEL = 0;
				GCC_PREPROCESSOR_DEFINITIONS = (
					"DEBUG=1",
					"$(inherited)",
				);
				GCC_SYMBOLS_PRIVATE_EXTERN = NO;
				GCC_WARN_ABOUT_RETURN_TYPE = YES;
				GCC_WARN_UNINITIALIZED_AUTOS = YES;
				GCC_WARN_UNUSED_VARIABLE = YES;
				IPHONEOS_DEPLOYMENT_TARGET = 6.1;
				ONLY_ACTIVE_ARCH = YES;
				SDKROOT = iphoneos;
			};
			name = Debug;
		};
		1F56C82617B4828A0069F1A1 /* Release */ = {
			isa = XCBuildConfiguration;
			buildSettings = {
				ALWAYS_SEARCH_USER_PATHS = NO;
				CLANG_CXX_LANGUAGE_STANDARD = "gnu++0x";
				CLANG_CXX_LIBRARY = "libc++";
				CLANG_ENABLE_OBJC_ARC = YES;
				CLANG_WARN_CONSTANT_CONVERSION = YES;
				CLANG_WARN_EMPTY_BODY = YES;
				CLANG_WARN_ENUM_CONVERSION = YES;
				CLANG_WARN_INT_CONVERSION = YES;
				CLANG_WARN__DUPLICATE_METHOD_MATCH = YES;
				"CODE_SIGN_IDENTITY[sdk=iphoneos*]" = "iPhone Developer";
				COPY_PHASE_STRIP = YES;
				GCC_C_LANGUAGE_STANDARD = gnu99;
				GCC_WARN_ABOUT_RETURN_TYPE = YES;
				GCC_WARN_UNINITIALIZED_AUTOS = YES;
				GCC_WARN_UNUSED_VARIABLE = YES;
				IPHONEOS_DEPLOYMENT_TARGET = 6.1;
				OTHER_CFLAGS = "-DNS_BLOCK_ASSERTIONS=1";
				SDKROOT = iphoneos;
				VALIDATE_PRODUCT = YES;
			};
			name = Release;
		};
		1F56C82817B4828A0069F1A1 /* Debug */ = {
			isa = XCBuildConfiguration;
			buildSettings = {
				GCC_PRECOMPILE_PREFIX_HEADER = YES;
				GCC_PREFIX_HEADER = "ADNChallenge/ADNChallenge-Prefix.pch";
				INFOPLIST_FILE = "ADNChallenge/ADNChallenge-Info.plist";
				PRODUCT_NAME = "$(TARGET_NAME)";
				WRAPPER_EXTENSION = app;
			};
			name = Debug;
		};
		1F56C82917B4828A0069F1A1 /* Release */ = {
			isa = XCBuildConfiguration;
			buildSettings = {
				GCC_PRECOMPILE_PREFIX_HEADER = YES;
				GCC_PREFIX_HEADER = "ADNChallenge/ADNChallenge-Prefix.pch";
				INFOPLIST_FILE = "ADNChallenge/ADNChallenge-Info.plist";
				PRODUCT_NAME = "$(TARGET_NAME)";
				WRAPPER_EXTENSION = app;
			};
			name = Release;
		};
		1F56C82B17B4828A0069F1A1 /* Debug */ = {
			isa = XCBuildConfiguration;
			buildSettings = {
				BUNDLE_LOADER = "$(BUILT_PRODUCTS_DIR)/ADNChallenge.app/ADNChallenge";
				FRAMEWORK_SEARCH_PATHS = (
					"\"$(SDKROOT)/Developer/Library/Frameworks\"",
					"\"$(DEVELOPER_LIBRARY_DIR)/Frameworks\"",
				);
				GCC_PRECOMPILE_PREFIX_HEADER = YES;
				GCC_PREFIX_HEADER = "ADNChallenge/ADNChallenge-Prefix.pch";
				INFOPLIST_FILE = "ADNChallengeTests/ADNChallengeTests-Info.plist";
				IPHONEOS_DEPLOYMENT_TARGET = 6.1;
				PRODUCT_NAME = "$(TARGET_NAME)";
				TEST_HOST = "$(BUNDLE_LOADER)";
				WRAPPER_EXTENSION = octest;
			};
			name = Debug;
		};
		1F56C82C17B4828A0069F1A1 /* Release */ = {
			isa = XCBuildConfiguration;
			buildSettings = {
				BUNDLE_LOADER = "$(BUILT_PRODUCTS_DIR)/ADNChallenge.app/ADNChallenge";
				FRAMEWORK_SEARCH_PATHS = (
					"\"$(SDKROOT)/Developer/Library/Frameworks\"",
					"\"$(DEVELOPER_LIBRARY_DIR)/Frameworks\"",
				);
				GCC_PRECOMPILE_PREFIX_HEADER = YES;
				GCC_PREFIX_HEADER = "ADNChallenge/ADNChallenge-Prefix.pch";
				INFOPLIST_FILE = "ADNChallengeTests/ADNChallengeTests-Info.plist";
				IPHONEOS_DEPLOYMENT_TARGET = 6.1;
				PRODUCT_NAME = "$(TARGET_NAME)";
				TEST_HOST = "$(BUNDLE_LOADER)";
				WRAPPER_EXTENSION = octest;
			};
			name = Release;
		};
/* End XCBuildConfiguration section */

/* Begin XCConfigurationList section */
		1F56C7EA17B4828A0069F1A1 /* Build configuration list for PBXProject "ADNChallenge" */ = {
			isa = XCConfigurationList;
			buildConfigurations = (
				1F56C82517B4828A0069F1A1 /* Debug */,
				1F56C82617B4828A0069F1A1 /* Release */,
			);
			defaultConfigurationIsVisible = 0;
			defaultConfigurationName = Release;
		};
		1F56C82717B4828A0069F1A1 /* Build configuration list for PBXNativeTarget "ADNChallenge" */ = {
			isa = XCConfigurationList;
			buildConfigurations = (
				1F56C82817B4828A0069F1A1 /* Debug */,
				1F56C82917B4828A0069F1A1 /* Release */,
			);
			defaultConfigurationIsVisible = 0;
			defaultConfigurationName = Release;
		};
		1F56C82A17B4828A0069F1A1 /* Build configuration list for PBXNativeTarget "ADNChallengeTests" */ = {
			isa = XCConfigurationList;
			buildConfigurations = (
				1F56C82B17B4828A0069F1A1 /* Debug */,
				1F56C82C17B4828A0069F1A1 /* Release */,
			);
			defaultConfigurationIsVisible = 0;
			defaultConfigurationName = Release;
		};
/* End XCConfigurationList section */
	};
	rootObject = 1F56C7E717B4828A0069F1A1 /* Project object */;
}
